# This file is autogenerated, do not edit; changes may be undone by the next 'dep ensure'.


[[projects]]
  name = "github.com/drone-plugins/drone-git-push"
  packages = ["repo"]
  revision = "c115616703f10f373f6e4f60e561e0ef737a1a88"
  version = "0.1.0"

[solve-meta]
  analyzer-name = "dep"
  analyzer-version = 1
  inputs-digest = "c355171d31636dded74aef10d32541b42d82f33f482a2c3f3b6652f42319161a"
  solver-name = "gps-cdcl"
  solver-version = 1
